
Microsoft Visual Studio Solution File, Format Version 12.00
# Visual Studio 15
Project("{FAE04EC0-301F-11D3-BF4B-00C04F79EFBC}") = "Assembly-CSharp", "Assembly-CSharp.csproj", "{2B2867DD-F2A1-A4B0-C15C-4FF30F0FA1A2}"
EndProject
Project("{FAE04EC0-301F-11D3-BF4B-00C04F79EFBC}") = "Assembly-CSharp-firstpass", "Assembly-CSharp-firstpass.csproj", "{CC368C15-06FE-BAD0-41E2-0E29D68D9C94}"
EndProject
Project("{FAE04EC0-301F-11D3-BF4B-00C04F79EFBC}") = "Assembly-CSharp-Editor", "Assembly-CSharp-Editor.csproj", "{D40AF5D7-D608-2504-C15F-F0F296EDBC62}"
EndProject
Global
	GlobalSection(SolutionConfigurationPlatforms) = preSolution
		Debug|Any CPU = Debug|Any CPU
		Release|Any CPU = Release|Any CPU
	EndGlobalSection
	GlobalSection(ProjectConfigurationPlatforms) = postSolution
		{2B2867DD-F2A1-A4B0-C15C-4FF30F0FA1A2}.Debug|Any CPU.ActiveCfg = Debug|Any CPU
		{2B2867DD-F2A1-A4B0-C15C-4FF30F0FA1A2}.Debug|Any CPU.Build.0 = Debug|Any CPU
		{2B2867DD-F2A1-A4B0-C15C-4FF30F0FA1A2}.Release|Any CPU.ActiveCfg = Release|Any CPU
		{2B2867DD-F2A1-A4B0-C15C-4FF30F0FA1A2}.Release|Any CPU.Build.0 = Release|Any CPU
		{CC368C15-06FE-BAD0-41E2-0E29D68D9C94}.Debug|Any CPU.ActiveCfg = Debug|Any CPU
		{CC368C15-06FE-BAD0-41E2-0E29D68D9C94}.Debug|Any CPU.Build.0 = Debug|Any CPU
		{CC368C15-06FE-BAD0-41E2-0E29D68D9C94}.Release|Any CPU.ActiveCfg = Release|Any CPU
		{CC368C15-06FE-BAD0-41E2-0E29D68D9C94}.Release|Any CPU.Build.0 = Release|Any CPU
		{D40AF5D7-D608-2504-C15F-F0F296EDBC62}.Debug|Any CPU.ActiveCfg = Debug|Any CPU
		{D40AF5D7-D608-2504-C15F-F0F296EDBC62}.Debug|Any CPU.Build.0 = Debug|Any CPU
		{D40AF5D7-D608-2504-C15F-F0F296EDBC62}.Release|Any CPU.ActiveCfg = Release|Any CPU
		{D40AF5D7-D608-2504-C15F-F0F296EDBC62}.Release|Any CPU.Build.0 = Release|Any CPU
	EndGlobalSection
	GlobalSection(SolutionProperties) = preSolution
		HideSolutionNode = FALSE
	EndGlobalSection
EndGlobal
